{
  "name": "mednarrate-admin-desktop",
  "version": "0.1.0",
  "lockfileVersion": 3,
  "requires": true,
  "packages": {
    "": {
      "name": "mednarrate-admin-desktop",
      "version": "0.1.0",
      "devDependencies": {
        "@tauri-apps/cli": "^3.0.0-alpha.2"
      }
    },
    "node_modules/@tauri-apps/cli": {
      "version": "3.0.0-alpha.2",
      "resolved": "https://registry.npmjs.org/@tauri-apps/cli/-/cli-3.0.0-alpha.2.tgz",
      "integrity": "sha512-kr21wM4q3XZ7lYzukyt5jVnEv9X4s2ijo7RY3phSxlHKPs4pvI44hIk1IIAhPu4i0FUiJYTkMEoDBynoKjm4dw==",
      "dev": true,
      "license": "Apache-2.0 OR MIT",
      "bin": {
        "tauri": "tauri.js"
      },
      "engines": {
        "node": ">= 10"
      },
      "funding": {
        "type": "opencollective",
        "url": "https://opencollective.com/tauri"
      },
      "optionalDependencies": {
        "@tauri-apps/cli-darwin-arm64": "3.0.0-alpha.2",
        "@tauri-apps/cli-darwin-x64": "3.0.0-alpha.2",
        "@tauri-apps/cli-linux-arm-gnueabihf": "3.0.0-alpha.2",
        "@tauri-apps/cli-linux-arm64-gnu": "3.0.0-alpha.2",
        "@tauri-apps/cli-linux-arm64-musl": "3.0.0-alpha.2",
        "@tauri-apps/cli-linux-riscv64-gnu": "3.0.0-alpha.2",
        "@tauri-apps/cli-linux-x64-gnu": "3.0.0-alpha.2",
        "@tauri-apps/cli-linux-x64-musl": "3.0.0-alpha.2",
        "@tauri-apps/cli-win32-arm64-msvc": "3.0.0-alpha.2",
        "@tauri-apps/cli-win32-ia32-msvc": "3.0.0-alpha.2",
        "@tauri-apps/cli-win32-x64-msvc": "3.0.0-alpha.2"
      }
    },
    "node_modules/@tauri-apps/cli-darwin-arm64": {
      "version": "3.0.0-alpha.2",
      "resolved": "https://registry.npmjs.org/@tauri-apps/cli-darwin-arm64/-/cli-darwin-arm64-3.0.0-alpha.2.tgz",
      "integrity": "sha512-/5CfV6pE22NUW+Q8bTZKzdrbQa8SL4WoGe+f+Kcut3ndqiOFD4aX0eLtipmN6R3ua3OvQJD6LS55RGKaT3ciYw==",
      "cpu": [
        "arm64"
      ],
      "dev": true,
      "license": "Apache-2.0 OR MIT",
      "optional": true,
      "os": [
        "darwin"
      ],
      "engines": {
        "node": ">= 10"
      }
    },
    "node_modules/@tauri-apps/cli-darwin-x64": {
      "version": "3.0.0-alpha.2",
      "resolved": "https://registry.npmjs.org/@tauri-apps/cli-darwin-x64/-/cli-darwin-x64-3.0.0-alpha.2.tgz",
      "integrity": "sha512-k+K6Hgknj1Pjuy5sxlerJ9hFSFMdSDSZ+RkK9yUkxDIpfZDp3hdqCGyUOe4TaIdYHJ3rB9P4YlFdUaXq9ldtng==",
      "cpu": [
        "x64"
      ],
      "dev": true,
      "license": "Apache-2.0 OR MIT",
      "optional": true,
      "os": [
        "darwin"
      ],
      "engines": {
        "node": ">= 10"
      }
    },
    "node_modules/@tauri-apps/cli-linux-arm-gnueabihf": {
      "version": "3.0.0-alpha.2",
      "resolved": "https://registry.npmjs.org/@tauri-apps/cli-linux-arm-gnueabihf/-/cli-linux-arm-gnueabihf-3.0.0-alpha.2.tgz",
      "integrity": "sha512-EBGzHMA34MCVpeKBMbGW1h5MQ2jt2a+f5wufSng0WMPjHYejnFIx5ueG0ICP2LHBcwS83yAjcc94e17UtXc8VA==",
      "cpu": [
        "arm"
      ],
      "dev": true,
      "license": "Apache-2.0 OR MIT",
      "optional": true,
      "os": [
        "linux"
      ],
      "engines": {
        "node": ">= 10"
      }
    },
    "node_modules/@tauri-apps/cli-linux-arm64-gnu": {
      "version": "3.0.0-alpha.2",
      "resolved": "https://registry.npmjs.org/@tauri-apps/cli-linux-arm64-gnu/-/cli-linux-arm64-gnu-3.0.0-alpha.2.tgz",
      "integrity": "sha512-tHo0n5dR9rM0n1I5JtEFE+lni+3h0dqwUc+Wu6qkMvGy3+scx4JNPz579WexMMGI3U6SPoGtB9FmvA89Fxz5/Q==",
      "cpu": [
        "arm64"
      ],
      "dev": true,
      "libc": [
        "glibc"
      ],
      "license": "Apache-2.0 OR MIT",
      "optional": true,
      "os": [
        "linux"
      ],
      "engines": {
        "node": ">= 10"
      }
    },
    "node_modules/@tauri-apps/cli-linux-arm64-musl": {
      "version": "3.0.0-alpha.2",
      "resolved": "https://registry.npmjs.org/@tauri-apps/cli-linux-arm64-musl/-/cli-linux-arm64-musl-3.0.0-alpha.2.tgz",
      "integrity": "sha512-Tho8GOAcod66H2x6vAfzU9rjPh/LV+Aq8yUNzdp+gDNwhNITXO/Fpyb3yPI8ZvguJwacVMfcDxQSEMf6ivhCuA==",
      "cpu": [
        "arm64"
      ],
      "dev": true,
      "libc": [
        "musl"
      ],
      "license": "Apache-2.0 OR MIT",
      "optional": true,
      "os": [
        "linux"
      ],
      "engines": {
        "node": ">= 10"
      }
    },
    "node_modules/@tauri-apps/cli-linux-riscv64-gnu": {
      "version": "3.0.0-alpha.2",
      "resolved": "https://registry.npmjs.org/@tauri-apps/cli-linux-riscv64-gnu/-/cli-linux-riscv64-gnu-3.0.0-alpha.2.tgz",
      "integrity": "sha512-ma89TaqHmxels6ZHmnY1okPnAD92koGhC6n/ACnDCNZcI+YI+KN7le2IbxP4y/FOmw/8qYAgxVj3TWLDGa4FGw==",
      "cpu": [
        "riscv64"
      ],
      "dev": true,
      "libc": [
        "glibc"
      ],
      "license": "Apache-2.0 OR MIT",
      "optional": true,
      "os": [
        "linux"
      ],
      "engines": {
        "node": ">= 10"
      }
    },
    "node_modules/@tauri-apps/cli-linux-x64-gnu": {
      "version": "3.0.0-alpha.2",
      "resolved": "https://registry.npmjs.org/@tauri-apps/cli-linux-x64-gnu/-/cli-linux-x64-gnu-3.0.0-alpha.2.tgz",
      "integrity": "sha512-bQKFW3KePN2/SKLVBZBjWoNx3tjNosi076BlrLp2aYvq0h6FSv3yB/NGShu+GYeBIriL5HjaIUZ5O4juXzDDbw==",
      "cpu": [
        "x64"
      ],
      "dev": true,
      "libc": [
        "glibc"
      ],
      "license": "Apache-2.0 OR MIT",
      "optional": true,
      "os": [
        "linux"
      ],
      "engines": {
        "node": ">= 10"
      }
    },
    "node_modules/@tauri-apps/cli-linux-x64-musl": {
      "version": "3.0.0-alpha.2",
      "resolved": "https://registry.npmjs.org/@tauri-apps/cli-linux-x64-musl/-/cli-linux-x64-musl-3.0.0-alpha.2.tgz",
      "integrity": "sha512-Ycp11ZoVCO3VHySrEP3yeKbRBKTfLwr1QcX3u9WX0pCTsU1Bvk2bAVPiwo+pipO5BFIFXj15dnNa0kFcq3905g==",
      "cpu": [
        "x64"
      ],
      "dev": true,
      "libc": [
        "musl"
      ],
      "license": "Apache-2.0 OR MIT",
      "optional": true,
      "os": [
        "linux"
      ],
      "engines": {
        "node": ">= 10"
      }
    },
    "node_modules/@tauri-apps/cli-win32-arm64-msvc": {
      "version": "3.0.0-alpha.2",
      "resolved": "https://registry.npmjs.org/@tauri-apps/cli-win32-arm64-msvc/-/cli-win32-arm64-msvc-3.0.0-alpha.2.tgz",
      "integrity": "sha512-dZKS2z0/OurXnAcTk4MWGpUaYaE1nC+rnA/CB/x9CdbiER6I1EEyl+mmOIzO6wsTUHwX6p3CKofAvkvy/dN0zg==",
      "cpu": [
        "arm64"
      ],
      "dev": true,
      "license": "Apache-2.0 OR MIT",
      "optional": true,
      "os": [
        "win32"
      ],
      "engines": {
        "node": ">= 10"
      }
    },
    "node_modules/@tauri-apps/cli-win32-ia32-msvc": {
      "version": "3.0.0-alpha.2",
      "resolved": "https://registry.npmjs.org/@tauri-apps/cli-win32-ia32-msvc/-/cli-win32-ia32-msvc-3.0.0-alpha.2.tgz",
      "integrity": "sha512-F1gTvcqYyjDBqXhGTrpJs/vLqJuaJo2ueZCWiwm5tmkHJKPTHbA4zW8IBOOyzLaSRChW6YUN4wiIJphlS9o9wA==",
      "cpu": [
        "ia32"
      ],
      "dev": true,
      "license": "Apache-2.0 OR MIT",
      "optional": true,
      "os": [
        "win32"
      ],
      "engines": {
        "node": ">= 10"
      }
    },
    "node_modules/@tauri-apps/cli-win32-x64-msvc": {
      "version": "3.0.0-alpha.2",
      "resolved": "https://registry.npmjs.org/@tauri-apps/cli-win32-x64-msvc/-/cli-win32-x64-msvc-3.0.0-alpha.2.tgz",
      "integrity": "sha512-dpJmdCYUFID6/KI/8QL9bRWftk5PBq8OqQOiPxyJosA9/qgQaCuQtSaBAUlP7OaDWjWWJEj7bJ9uZwadu0vwKg==",
      "cpu": [
        "x64"
      ],
      "dev": true,
      "license": "Apache-2.0 OR MIT",
      "optional": true,
      "os": [
        "win32"
      ],
      "engines": {
        "node": ">= 10"
      }
    }
  }
}
